
Microsoft Visual Studio Solution File, Format Version 12.00
# Visual Studio Version 16
VisualStudioVersion = 16.0.31129.286
MinimumVisualStudioVersion = 10.0.40219.1
Project("{FAE04EC0-301F-11D3-BF4B-00C04F79EFBC}") = "Kompiuteriu_Web", "Kompiuteriu_Web\Kompiuteriu_Web.csproj", "{51C3CF11-F326-438B-BC74-43A6A3040B0C}"
EndProject
Global
	GlobalSection(SolutionConfigurationPlatforms) = preSolution
		Debug|Any CPU = Debug|Any CPU
		Release|Any CPU = Release|Any CPU
	EndGlobalSection
	GlobalSection(ProjectConfigurationPlatforms) = postSolution
		{51C3CF11-F326-438B-BC74-43A6A3040B0C}.Debug|Any CPU.ActiveCfg = Debug|Any CPU
		{51C3CF11-F326-438B-BC74-43A6A3040B0C}.Debug|Any CPU.Build.0 = Debug|Any CPU
		{51C3CF11-F326-438B-BC74-43A6A3040B0C}.Release|Any CPU.ActiveCfg = Release|Any CPU
		{51C3CF11-F326-438B-BC74-43A6A3040B0C}.Release|Any CPU.Build.0 = Release|Any CPU
	EndGlobalSection
	GlobalSection(SolutionProperties) = preSolution
		HideSolutionNode = FALSE
	EndGlobalSection
	GlobalSection(ExtensibilityGlobals) = postSolution
		SolutionGuid = {54052A28-5ED2-4527-B104-BB43002E147D}
	EndGlobalSection
EndGlobal
